
Microsoft Visual Studio Solution File, Format Version 12.00
# Visual Studio 15
Project("{FAE04EC0-301F-11D3-BF4B-00C04F79EFBC}") = "Unity.Timeline", "Unity.Timeline.csproj", "{84586956-5220-7812-8B75-FACF806EDB6A}"
EndProject
Project("{FAE04EC0-301F-11D3-BF4B-00C04F79EFBC}") = "Unity.Timeline.Editor", "Unity.Timeline.Editor.csproj", "{BEB62C2B-CF64-EB05-CF74-08AEDE9CA828}"
EndProject
Project("{FAE04EC0-301F-11D3-BF4B-00C04F79EFBC}") = "UnityEngine.UI", "UnityEngine.UI.csproj", "{B2341889-66C9-29A8-006C-5355968FE164}"
EndProject
Project("{FAE04EC0-301F-11D3-BF4B-00C04F79EFBC}") = "Unity.PlasticSCM.Editor", "Unity.PlasticSCM.Editor.csproj", "{13CD079F-127E-26BB-D762-47EF5C955403}"
EndProject
Project("{FAE04EC0-301F-11D3-BF4B-00C04F79EFBC}") = "UnityEditor.UI", "UnityEditor.UI.csproj", "{44DC1BC4-4084-FDA6-1468-A7FE4F09DB26}"
EndProject
Project("{FAE04EC0-301F-11D3-BF4B-00C04F79EFBC}") = "UnityEngine.TestRunner", "UnityEngine.TestRunner.csproj", "{3919D6E2-4171-F879-73B4-E84BC39471F8}"
EndProject
Project("{FAE04EC0-301F-11D3-BF4B-00C04F79EFBC}") = "Cinemachine", "Cinemachine.csproj", "{65A88146-B129-84BF-ED7B-372972F2E02B}"
EndProject
Project("{FAE04EC0-301F-11D3-BF4B-00C04F79EFBC}") = "UnityEditor.TestRunner", "UnityEditor.TestRunner.csproj", "{DC2E8CCC-B5A2-2935-4055-536535C50A73}"
EndProject
Project("{FAE04EC0-301F-11D3-BF4B-00C04F79EFBC}") = "Unity.AI.Navigation.Editor", "Unity.AI.Navigation.Editor.csproj", "{444465F0-8EDC-8A75-9BDD-0AD8FB2B87CA}"
EndProject
Project("{FAE04EC0-301F-11D3-BF4B-00C04F79EFBC}") = "Unity.VisualStudio.Editor", "Unity.VisualStudio.Editor.csproj", "{ECAA2C47-0263-B712-F607-C8A372750700}"
EndProject
Project("{FAE04EC0-301F-11D3-BF4B-00C04F79EFBC}") = "com.unity.cinemachine.editor", "com.unity.cinemachine.editor.csproj", "{055FE70D-9966-89E5-E35F-547AA8CEDE09}"
EndProject
Project("{FAE04EC0-301F-11D3-BF4B-00C04F79EFBC}") = "Unity.TextMeshPro.Editor", "Unity.TextMeshPro.Editor.csproj", "{BDF8E63E-43EC-4934-41A6-22E45FF2A309}"
EndProject
Project("{FAE04EC0-301F-11D3-BF4B-00C04F79EFBC}") = "Unity.Rider.Editor", "Unity.Rider.Editor.csproj", "{CCE2BCA7-7801-37CB-7230-DECA4D7C9BFD}"
EndProject
Project("{FAE04EC0-301F-11D3-BF4B-00C04F79EFBC}") = "Unity.Postprocessing.Runtime", "Unity.Postprocessing.Runtime.csproj", "{558D07E5-A5D4-DD14-D8B7-9A84C1BD571E}"
EndProject
Project("{FAE04EC0-301F-11D3-BF4B-00C04F79EFBC}") = "Unity.AI.Navigation", "Unity.AI.Navigation.csproj", "{A66E4B29-12FE-2ABC-BC4C-64C538490889}"
EndProject
Project("{FAE04EC0-301F-11D3-BF4B-00C04F79EFBC}") = "Unity.AI.Navigation.Editor.ConversionSystem", "Unity.AI.Navigation.Editor.ConversionSystem.csproj", "{D88B09B5-F973-F907-BA1C-422FDEABEE75}"
EndProject
Project("{FAE04EC0-301F-11D3-BF4B-00C04F79EFBC}") = "Assembly-CSharp", "Assembly-CSharp.csproj", "{9EBB392F-7C3C-5B13-3729-73A35582A552}"
EndProject
Project("{FAE04EC0-301F-11D3-BF4B-00C04F79EFBC}") = "Unity.Postprocessing.Editor", "Unity.Postprocessing.Editor.csproj", "{B221F287-EA3F-B0F6-DE0B-826F28553450}"
EndProject
Project("{FAE04EC0-301F-11D3-BF4B-00C04F79EFBC}") = "Unity.TextMeshPro", "Unity.TextMeshPro.csproj", "{BD97726B-C2C7-224B-6F3B-9B5BCB637D88}"
EndProject
Project("{FAE04EC0-301F-11D3-BF4B-00C04F79EFBC}") = "Unity.VSCode.Editor", "Unity.VSCode.Editor.csproj", "{7B3C52F7-4CE7-3835-1EC8-1F98B666C6BB}"
EndProject
Project("{FAE04EC0-301F-11D3-BF4B-00C04F79EFBC}") = "Unity.Sysroot.Linux_x86_64", "Unity.Sysroot.Linux_x86_64.csproj", "{40559805-E0E8-B2C0-AF07-DF4888748496}"
EndProject
Project("{FAE04EC0-301F-11D3-BF4B-00C04F79EFBC}") = "Unity.AI.Navigation.Updater", "Unity.AI.Navigation.Updater.csproj", "{4D41BCD9-FD18-F46D-F816-873460DD2D75}"
EndProject
Project("{FAE04EC0-301F-11D3-BF4B-00C04F79EFBC}") = "Unity.SysrootPackage.Editor", "Unity.SysrootPackage.Editor.csproj", "{5DA9A66D-A339-246A-B730-9CBB5EBC706F}"
EndProject
Project("{FAE04EC0-301F-11D3-BF4B-00C04F79EFBC}") = "Unity.Toolchain.Win-x86_64-Linux-x86_64", "Unity.Toolchain.Win-x86_64-Linux-x86_64.csproj", "{A90DCF3D-8792-CA2F-E8DA-EA7C0209A5EF}"
EndProject
Project("{FAE04EC0-301F-11D3-BF4B-00C04F79EFBC}") = "Unity.CollabProxy.Editor", "Unity.CollabProxy.Editor.csproj", "{C24D136B-8712-3956-D479-662BEADB2D22}"
EndProject
Global
	GlobalSection(SolutionConfigurationPlatforms) = preSolution
		Debug|Any CPU = Debug|Any CPU
		Release|Any CPU = Release|Any CPU
	EndGlobalSection
	GlobalSection(ProjectConfigurationPlatforms) = postSolution
		{84586956-5220-7812-8B75-FACF806EDB6A}.Debug|Any CPU.ActiveCfg = Debug|Any CPU
		{84586956-5220-7812-8B75-FACF806EDB6A}.Debug|Any CPU.Build.0 = Debug|Any CPU
		{84586956-5220-7812-8B75-FACF806EDB6A}.Release|Any CPU.ActiveCfg = Release|Any CPU
		{84586956-5220-7812-8B75-FACF806EDB6A}.Release|Any CPU.Build.0 = Release|Any CPU
		{BEB62C2B-CF64-EB05-CF74-08AEDE9CA828}.Debug|Any CPU.ActiveCfg = Debug|Any CPU
		{BEB62C2B-CF64-EB05-CF74-08AEDE9CA828}.Debug|Any CPU.Build.0 = Debug|Any CPU
		{BEB62C2B-CF64-EB05-CF74-08AEDE9CA828}.Release|Any CPU.ActiveCfg = Release|Any CPU
		{BEB62C2B-CF64-EB05-CF74-08AEDE9CA828}.Release|Any CPU.Build.0 = Release|Any CPU
		{B2341889-66C9-29A8-006C-5355968FE164}.Debug|Any CPU.ActiveCfg = Debug|Any CPU
		{B2341889-66C9-29A8-006C-5355968FE164}.Debug|Any CPU.Build.0 = Debug|Any CPU
		{B2341889-66C9-29A8-006C-5355968FE164}.Release|Any CPU.ActiveCfg = Release|Any CPU
		{B2341889-66C9-29A8-006C-5355968FE164}.Release|Any CPU.Build.0 = Release|Any CPU
		{13CD079F-127E-26BB-D762-47EF5C955403}.Debug|Any CPU.ActiveCfg = Debug|Any CPU
		{13CD079F-127E-26BB-D762-47EF5C955403}.Debug|Any CPU.Build.0 = Debug|Any CPU
		{13CD079F-127E-26BB-D762-47EF5C955403}.Release|Any CPU.ActiveCfg = Release|Any CPU
		{13CD079F-127E-26BB-D762-47EF5C955403}.Release|Any CPU.Build.0 = Release|Any CPU
		{44DC1BC4-4084-FDA6-1468-A7FE4F09DB26}.Debug|Any CPU.ActiveCfg = Debug|Any CPU
		{44DC1BC4-4084-FDA6-1468-A7FE4F09DB26}.Debug|Any CPU.Build.0 = Debug|Any CPU
		{44DC1BC4-4084-FDA6-1468-A7FE4F09DB26}.Release|Any CPU.ActiveCfg = Release|Any CPU
		{44DC1BC4-4084-FDA6-1468-A7FE4F09DB26}.Release|Any CPU.Build.0 = Release|Any CPU
		{3919D6E2-4171-F879-73B4-E84BC39471F8}.Debug|Any CPU.ActiveCfg = Debug|Any CPU
		{3919D6E2-4171-F879-73B4-E84BC39471F8}.Debug|Any CPU.Build.0 = Debug|Any CPU
		{3919D6E2-4171-F879-73B4-E84BC39471F8}.Release|Any CPU.ActiveCfg = Release|Any CPU
		{3919D6E2-4171-F879-73B4-E84BC39471F8}.Release|Any CPU.Build.0 = Release|Any CPU
		{65A88146-B129-84BF-ED7B-372972F2E02B}.Debug|Any CPU.ActiveCfg = Debug|Any CPU
		{65A88146-B129-84BF-ED7B-372972F2E02B}.Debug|Any CPU.Build.0 = Debug|Any CPU
		{65A88146-B129-84BF-ED7B-372972F2E02B}.Release|Any CPU.ActiveCfg = Release|Any CPU
		{65A88146-B129-84BF-ED7B-372972F2E02B}.Release|Any CPU.Build.0 = Release|Any CPU
		{DC2E8CCC-B5A2-2935-4055-536535C50A73}.Debug|Any CPU.ActiveCfg = Debug|Any CPU
		{DC2E8CCC-B5A2-2935-4055-536535C50A73}.Debug|Any CPU.Build.0 = Debug|Any CPU
		{DC2E8CCC-B5A2-2935-4055-536535C50A73}.Release|Any CPU.ActiveCfg = Release|Any CPU
		{DC2E8CCC-B5A2-2935-4055-536535C50A73}.Release|Any CPU.Build.0 = Release|Any CPU
		{444465F0-8EDC-8A75-9BDD-0AD8FB2B87CA}.Debug|Any CPU.ActiveCfg = Debug|Any CPU
		{444465F0-8EDC-8A75-9BDD-0AD8FB2B87CA}.Debug|Any CPU.Build.0 = Debug|Any CPU
		{444465F0-8EDC-8A75-9BDD-0AD8FB2B87CA}.Release|Any CPU.ActiveCfg = Release|Any CPU
		{444465F0-8EDC-8A75-9BDD-0AD8FB2B87CA}.Release|Any CPU.Build.0 = Release|Any CPU
		{ECAA2C47-0263-B712-F607-C8A372750700}.Debug|Any CPU.ActiveCfg = Debug|Any CPU
		{ECAA2C47-0263-B712-F607-C8A372750700}.Debug|Any CPU.Build.0 = Debug|Any CPU
		{ECAA2C47-0263-B712-F607-C8A372750700}.Release|Any CPU.ActiveCfg = Release|Any CPU
		{ECAA2C47-0263-B712-F607-C8A372750700}.Release|Any CPU.Build.0 = Release|Any CPU
		{055FE70D-9966-89E5-E35F-547AA8CEDE09}.Debug|Any CPU.ActiveCfg = Debug|Any CPU
		{055FE70D-9966-89E5-E35F-547AA8CEDE09}.Debug|Any CPU.Build.0 = Debug|Any CPU
		{055FE70D-9966-89E5-E35F-547AA8CEDE09}.Release|Any CPU.ActiveCfg = Release|Any CPU
		{055FE70D-9966-89E5-E35F-547AA8CEDE09}.Release|Any CPU.Build.0 = Release|Any CPU
		{BDF8E63E-43EC-4934-41A6-22E45FF2A309}.Debug|Any CPU.ActiveCfg = Debug|Any CPU
		{BDF8E63E-43EC-4934-41A6-22E45FF2A309}.Debug|Any CPU.Build.0 = Debug|Any CPU
		{BDF8E63E-43EC-4934-41A6-22E45FF2A309}.Release|Any CPU.ActiveCfg = Release|Any CPU
		{BDF8E63E-43EC-4934-41A6-22E45FF2A309}.Release|Any CPU.Build.0 = Release|Any CPU
		{CCE2BCA7-7801-37CB-7230-DECA4D7C9BFD}.Debug|Any CPU.ActiveCfg = Debug|Any CPU
		{CCE2BCA7-7801-37CB-7230-DECA4D7C9BFD}.Debug|Any CPU.Build.0 = Debug|Any CPU
		{CCE2BCA7-7801-37CB-7230-DECA4D7C9BFD}.Release|Any CPU.ActiveCfg = Release|Any CPU
		{CCE2BCA7-7801-37CB-7230-DECA4D7C9BFD}.Release|Any CPU.Build.0 = Release|Any CPU
		{558D07E5-A5D4-DD14-D8B7-9A84C1BD571E}.Debug|Any CPU.ActiveCfg = Debug|Any CPU
		{558D07E5-A5D4-DD14-D8B7-9A84C1BD571E}.Debug|Any CPU.Build.0 = Debug|Any CPU
		{558D07E5-A5D4-DD14-D8B7-9A84C1BD571E}.Release|Any CPU.ActiveCfg = Release|Any CPU
		{558D07E5-A5D4-DD14-D8B7-9A84C1BD571E}.Release|Any CPU.Build.0 = Release|Any CPU
		{A66E4B29-12FE-2ABC-BC4C-64C538490889}.Debug|Any CPU.ActiveCfg = Debug|Any CPU
		{A66E4B29-12FE-2ABC-BC4C-64C538490889}.Debug|Any CPU.Build.0 = Debug|Any CPU
		{A66E4B29-12FE-2ABC-BC4C-64C538490889}.Release|Any CPU.ActiveCfg = Release|Any CPU
		{A66E4B29-12FE-2ABC-BC4C-64C538490889}.Release|Any CPU.Build.0 = Release|Any CPU
		{D88B09B5-F973-F907-BA1C-422FDEABEE75}.Debug|Any CPU.ActiveCfg = Debug|Any CPU
		{D88B09B5-F973-F907-BA1C-422FDEABEE75}.Debug|Any CPU.Build.0 = Debug|Any CPU
		{D88B09B5-F973-F907-BA1C-422FDEABEE75}.Release|Any CPU.ActiveCfg = Release|Any CPU
		{D88B09B5-F973-F907-BA1C-422FDEABEE75}.Release|Any CPU.Build.0 = Release|Any CPU
		{9EBB392F-7C3C-5B13-3729-73A35582A552}.Debug|Any CPU.ActiveCfg = Debug|Any CPU
		{9EBB392F-7C3C-5B13-3729-73A35582A552}.Debug|Any CPU.Build.0 = Debug|Any CPU
		{9EBB392F-7C3C-5B13-3729-73A35582A552}.Release|Any CPU.ActiveCfg = Release|Any CPU
		{9EBB392F-7C3C-5B13-3729-73A35582A552}.Release|Any CPU.Build.0 = Release|Any CPU
		{B221F287-EA3F-B0F6-DE0B-826F28553450}.Debug|Any CPU.ActiveCfg = Debug|Any CPU
		{B221F287-EA3F-B0F6-DE0B-826F28553450}.Debug|Any CPU.Build.0 = Debug|Any CPU
		{B221F287-EA3F-B0F6-DE0B-826F28553450}.Release|Any CPU.ActiveCfg = Release|Any CPU
		{B221F287-EA3F-B0F6-DE0B-826F28553450}.Release|Any CPU.Build.0 = Release|Any CPU
		{BD97726B-C2C7-224B-6F3B-9B5BCB637D88}.Debug|Any CPU.ActiveCfg = Debug|Any CPU
		{BD97726B-C2C7-224B-6F3B-9B5BCB637D88}.Debug|Any CPU.Build.0 = Debug|Any CPU
		{BD97726B-C2C7-224B-6F3B-9B5BCB637D88}.Release|Any CPU.ActiveCfg = Release|Any CPU
		{BD97726B-C2C7-224B-6F3B-9B5BCB637D88}.Release|Any CPU.Build.0 = Release|Any CPU
		{7B3C52F7-4CE7-3835-1EC8-1F98B666C6BB}.Debug|Any CPU.ActiveCfg = Debug|Any CPU
		{7B3C52F7-4CE7-3835-1EC8-1F98B666C6BB}.Debug|Any CPU.Build.0 = Debug|Any CPU
		{7B3C52F7-4CE7-3835-1EC8-1F98B666C6BB}.Release|Any CPU.ActiveCfg = Release|Any CPU
		{7B3C52F7-4CE7-3835-1EC8-1F98B666C6BB}.Release|Any CPU.Build.0 = Release|Any CPU
		{40559805-E0E8-B2C0-AF07-DF4888748496}.Debug|Any CPU.ActiveCfg = Debug|Any CPU
		{40559805-E0E8-B2C0-AF07-DF4888748496}.Debug|Any CPU.Build.0 = Debug|Any CPU
		{40559805-E0E8-B2C0-AF07-DF4888748496}.Release|Any CPU.ActiveCfg = Release|Any CPU
		{40559805-E0E8-B2C0-AF07-DF4888748496}.Release|Any CPU.Build.0 = Release|Any CPU
		{4D41BCD9-FD18-F46D-F816-873460DD2D75}.Debug|Any CPU.ActiveCfg = Debug|Any CPU
		{4D41BCD9-FD18-F46D-F816-873460DD2D75}.Debug|Any CPU.Build.0 = Debug|Any CPU
		{4D41BCD9-FD18-F46D-F816-873460DD2D75}.Release|Any CPU.ActiveCfg = Release|Any CPU
		{4D41BCD9-FD18-F46D-F816-873460DD2D75}.Release|Any CPU.Build.0 = Release|Any CPU
		{5DA9A66D-A339-246A-B730-9CBB5EBC706F}.Debug|Any CPU.ActiveCfg = Debug|Any CPU
		{5DA9A66D-A339-246A-B730-9CBB5EBC706F}.Debug|Any CPU.Build.0 = Debug|Any CPU
		{5DA9A66D-A339-246A-B730-9CBB5EBC706F}.Release|Any CPU.ActiveCfg = Release|Any CPU
		{5DA9A66D-A339-246A-B730-9CBB5EBC706F}.Release|Any CPU.Build.0 = Release|Any CPU
		{A90DCF3D-8792-CA2F-E8DA-EA7C0209A5EF}.Debug|Any CPU.ActiveCfg = Debug|Any CPU
		{A90DCF3D-8792-CA2F-E8DA-EA7C0209A5EF}.Debug|Any CPU.Build.0 = Debug|Any CPU
		{A90DCF3D-8792-CA2F-E8DA-EA7C0209A5EF}.Release|Any CPU.ActiveCfg = Release|Any CPU
		{A90DCF3D-8792-CA2F-E8DA-EA7C0209A5EF}.Release|Any CPU.Build.0 = Release|Any CPU
		{C24D136B-8712-3956-D479-662BEADB2D22}.Debug|Any CPU.ActiveCfg = Debug|Any CPU
		{C24D136B-8712-3956-D479-662BEADB2D22}.Debug|Any CPU.Build.0 = Debug|Any CPU
		{C24D136B-8712-3956-D479-662BEADB2D22}.Release|Any CPU.ActiveCfg = Release|Any CPU
		{C24D136B-8712-3956-D479-662BEADB2D22}.Release|Any CPU.Build.0 = Release|Any CPU
	EndGlobalSection
	GlobalSection(SolutionProperties) = preSolution
		HideSolutionNode = FALSE
	EndGlobalSection
EndGlobal
